
Microsoft Visual Studio Solution File, Format Version 12.00
# Visual Studio Version 17
VisualStudioVersion = 17.7.34202.233
MinimumVisualStudioVersion = 10.0.40219.1
Project("{9A19103F-16F7-4668-BE54-9A1E7A4F7556}") = "Practica2_Modulo1", "Practica2_Modulo2\Practica2_Modulo1.csproj", "{C720254D-CCB7-4CEE-93CD-1695A9E40A8A}"
EndProject
Global
	GlobalSection(SolutionConfigurationPlatforms) = preSolution
		Debug|Any CPU = Debug|Any CPU
		Release|Any CPU = Release|Any CPU
	EndGlobalSection
	GlobalSection(ProjectConfigurationPlatforms) = postSolution
		{C720254D-CCB7-4CEE-93CD-1695A9E40A8A}.Debug|Any CPU.ActiveCfg = Debug|Any CPU
		{C720254D-CCB7-4CEE-93CD-1695A9E40A8A}.Debug|Any CPU.Build.0 = Debug|Any CPU
		{C720254D-CCB7-4CEE-93CD-1695A9E40A8A}.Release|Any CPU.ActiveCfg = Release|Any CPU
		{C720254D-CCB7-4CEE-93CD-1695A9E40A8A}.Release|Any CPU.Build.0 = Release|Any CPU
	EndGlobalSection
	GlobalSection(SolutionProperties) = preSolution
		HideSolutionNode = FALSE
	EndGlobalSection
	GlobalSection(ExtensibilityGlobals) = postSolution
		SolutionGuid = {D3A7A782-5C24-45D0-8128-84388B664BEA}
	EndGlobalSection
EndGlobal
